{
  "nodes": {
    "deskport-core": {
      "flake": false,
      "locked": {
        "lastModified": 1790404992,
        "narHash": "sha256-i0xnKNa1MxI2yGT9ISaIrwZuytDIiyIPUZ/2jxYbj18=",
        "owner": "keithxc",
        "repo": "deskport-core",
        "rev": "e71b21808e15c8bcd55d4af3f7c0cbc769ef0bcb",
        "type": "github"
      },
      "original": {
        "owner": "keithxc",
        "repo": "deskport-core",
        "rev": "e71b21808e15c8bcd55d4af3f7c0cbc769ef0bcb",
        "type": "github"
      }
    },
    "nixpkgs": {
      "locked": {
        "lastModified": 1788807765,
        "narHash": "sha256-J9oC0bKnkXUrMegqRTXVkyDFJ0gn2U/Qpoo9HgGMQmA=",
        "owner": "NixOS",
        "repo": "nixpkgs",
        "rev": "93108a538f079596c9a16c72cf03e9322782b6dd",
        "type": "github"
      },
      "original": {
        "owner": "NixOS",
        "repo": "nixpkgs",
        "rev": "93108a538f079596c9a16c72cf03e9322782b6dd",
        "type": "github"
      }
    },
    "root": {
      "inputs": {
        "deskport-core": "deskport-core",
        "nixpkgs": "nixpkgs"
      }
    }
  },
  "root": "root",
  "version": 7
}
