{
  "nodes": {
    "deskport-core": {
      "flake": false,
      "locked": {
        "lastModified": 0,
        "narHash": "sha256-dKVqgmm14RoZTF1ZwKqAVYLFxUAP7BxTKSo6RaGFeZQ=",
        "path": "/nix/store/b7h79abhz8f0lgr03f9gbz0npbx7qgln-source",
        "type": "path"
      },
      "original": {
        "path": "/nix/store/b7h79abhz8f0lgr03f9gbz0npbx7qgln-source",
        "type": "path"
      }
    },
    "nixpkgs": {
      "locked": {
        "lastModified": 1788807765,
        "narHash": "sha256-J9oC0bKnkXUrMegqRTXVkyDFJ0gn2U/Qpoo9HgGMQmA=",
        "owner": "NixOS",
        "repo": "nixpkgs",
        "rev": "93108a538f079596c9a16c72cf03e9322782b6dd",
        "type": "github"
      },
      "original": {
        "owner": "NixOS",
        "repo": "nixpkgs",
        "rev": "93108a538f079596c9a16c72cf03e9322782b6dd",
        "type": "github"
      }
    },
    "root": {
      "inputs": {
        "deskport-core": "deskport-core",
        "nixpkgs": "nixpkgs"
      }
    }
  },
  "root": "root",
  "version": 7
}
